
Microsoft Visual Studio Solution File, Format Version 12.00
# Visual Studio Version 17
VisualStudioVersion = 17.4.33122.133
MinimumVisualStudioVersion = 10.0.40219.1
Project("{FAE04EC0-301F-11D3-BF4B-00C04F79EFBC}") = "PersonAgeDetermination", "PersonAgeDetermination.csproj", "{8D179D27-C7B5-4477-A83A-0EE92C10B6AA}"
EndProject
Global
	GlobalSection(SolutionConfigurationPlatforms) = preSolution
		Debug|Any CPU = Debug|Any CPU
		Release|Any CPU = Release|Any CPU
	EndGlobalSection
	GlobalSection(ProjectConfigurationPlatforms) = postSolution
		{8D179D27-C7B5-4477-A83A-0EE92C10B6AA}.Debug|Any CPU.ActiveCfg = Debug|Any CPU
		{8D179D27-C7B5-4477-A83A-0EE92C10B6AA}.Debug|Any CPU.Build.0 = Debug|Any CPU
		{8D179D27-C7B5-4477-A83A-0EE92C10B6AA}.Release|Any CPU.ActiveCfg = Release|Any CPU
		{8D179D27-C7B5-4477-A83A-0EE92C10B6AA}.Release|Any CPU.Build.0 = Release|Any CPU
	EndGlobalSection
	GlobalSection(SolutionProperties) = preSolution
		HideSolutionNode = FALSE
	EndGlobalSection
	GlobalSection(ExtensibilityGlobals) = postSolution
		SolutionGuid = {0C29D07F-42A3-4589-BEBA-36829576EC3B}
	EndGlobalSection
EndGlobal
